<?xml version="1.0" encoding="utf-8"?>
<Project ToolsVersion="4.0" xmlns="http://schemas.microsoft.com/developer/msbuild/2003">
  <ItemGroup>
    <Filter Include="Source Files">
      <UniqueIdentifier>{4FC737F1-C7A5-4376-A066-2A32D752A2FF}</UniqueIdentifier>
      <Extensions>cpp;c;cc;cxx;def;odl;idl;hpj;bat;asm;asmx</Extensions>
    </Filter>
    <Filter Include="Header Files">
      <UniqueIdentifier>{93995380-89BD-4b04-88EB-625FBE52EBFB}</UniqueIdentifier>
      <Extensions>h;hh;hpp;hxx;hm;inl;inc;xsd</Extensions>
    </Filter>
    <Filter Include="Resource Files">
      <UniqueIdentifier>{67DA6AB6-F800-4c08-8B7A-83BB121AAD01}</UniqueIdentifier>
      <Extensions>rc;ico;cur;bmp;dlg;rc2;rct;bin;rgs;gif;jpg;jpeg;jpe;resx;tiff;tif;png;wav;mfcribbon-ms</Extensions>
    </Filter>
    <Filter Include="Header Files\Entity Headers">
      <UniqueIdentifier>{e8652ebf-e141-48a3-8157-16f186876163}</UniqueIdentifier>
    </Filter>
    <Filter Include="CPP Files">
      <UniqueIdentifier>{c08a47dd-df1e-466f-b46a-52e0712d9e28}</UniqueIdentifier>
    </Filter>
    <Filter Include="Header Files\Item Headers">
      <UniqueIdentifier>{8cde8561-b3e7-4f32-a5c6-32bf275ce8ce}</UniqueIdentifier>
    </Filter>
    <Filter Include="Header Files\Menu and Introduction Headers">
      <UniqueIdentifier>{d7075d80-c2fc-434b-8643-899cd61fe28a}</UniqueIdentifier>
    </Filter>
    <Filter Include="CPP Files\Menu and Introduction CPP files">
      <UniqueIdentifier>{6138f779-8487-4ad3-8c50-0c07b6bf90ef}</UniqueIdentifier>
    </Filter>
    <Filter Include="CPP Files\Entity CPP files">
      <UniqueIdentifier>{8e8b8779-7d88-48f4-b237-e268f7d969f2}</UniqueIdentifier>
    </Filter>
    <Filter Include="gameState">
      <UniqueIdentifier>{a23a01e6-950e-42bf-8501-44a55470b348}</UniqueIdentifier>
    </Filter>
    <Filter Include="CPP Files\Item CPP files">
      <UniqueIdentifier>{90652e2f-ce59-4fc7-97d7-3c3c78b9808a}</UniqueIdentifier>
    </Filter>
    <Filter Include="Header Files\Shop Headers">
      <UniqueIdentifier>{5f57e069-77f3-49dc-8e99-f57012e62d08}</UniqueIdentifier>
    </Filter>
    <Filter Include="CPP Files\Shop CPP files">
      <UniqueIdentifier>{c77db385-52c7-4eb6-a8bc-d4b95b2b8618}</UniqueIdentifier>
    </Filter>
  </ItemGroup>
  <ItemGroup>
    <ClCompile Include="main.cpp">
      <Filter>Source Files</Filter>
    </ClCompile>
    <ClCompile Include="characterEntity.cpp">
      <Filter>CPP Files\Entity CPP files</Filter>
    </ClCompile>
    <ClCompile Include="itemEntity.cpp">
      <Filter>CPP Files\Entity CPP files</Filter>
    </ClCompile>
    <ClCompile Include="mapEntity.cpp">
      <Filter>CPP Files\Entity CPP files</Filter>
    </ClCompile>
    <ClCompile Include="entity.cpp">
      <Filter>CPP Files\Entity CPP files</Filter>
    </ClCompile>
    <ClCompile Include="ItemWeapons.cpp">
      <Filter>CPP Files\Item CPP files</Filter>
    </ClCompile>
    <ClCompile Include="ItemArmor.cpp">
      <Filter>CPP Files\Item CPP files</Filter>
    </ClCompile>
    <ClCompile Include="ItemPostion.cpp">
      <Filter>CPP Files\Item CPP files</Filter>
    </ClCompile>
    <ClCompile Include="gameState.cpp">
      <Filter>gameState</Filter>
    </ClCompile>
    <ClCompile Include="menu.cpp">
      <Filter>CPP Files\Menu and Introduction CPP files</Filter>
    </ClCompile>
    <ClCompile Include="help.cpp">
      <Filter>CPP Files\Menu and Introduction CPP files</Filter>
    </ClCompile>
    <ClCompile Include="gameOver.cpp">
      <Filter>CPP Files\Menu and Introduction CPP files</Filter>
    </ClCompile>
    <ClCompile Include="quit.cpp">
      <Filter>CPP Files\Menu and Introduction CPP files</Filter>
    </ClCompile>
    <ClCompile Include="game.cpp">
      <Filter>CPP Files\Menu and Introduction CPP files</Filter>
    </ClCompile>
    <ClCompile Include="ShopCoin.cpp">
      <Filter>CPP Files\Shop CPP files</Filter>
    </ClCompile>
  </ItemGroup>
  <ItemGroup>
    <ClInclude Include="characterEntity.h">
      <Filter>Header Files\Entity Headers</Filter>
    </ClInclude>
    <ClInclude Include="entity.h">
      <Filter>Header Files\Entity Headers</Filter>
    </ClInclude>
    <ClInclude Include="itemEntity.h">
      <Filter>Header Files\Entity Headers</Filter>
    </ClInclude>
    <ClInclude Include="mapEntity.h">
      <Filter>Header Files\Entity Headers</Filter>
    </ClInclude>
    <ClInclude Include="ItemWeapons.h">
      <Filter>Header Files\Item Headers</Filter>
    </ClInclude>
    <ClInclude Include="ItemArmor.h">
      <Filter>Header Files\Item Headers</Filter>
    </ClInclude>
    <ClInclude Include="ItemPotion.h">
      <Filter>Header Files\Item Headers</Filter>
    </ClInclude>
    <ClInclude Include="constants.h">
      <Filter>Header Files\Menu and Introduction Headers</Filter>
    </ClInclude>
    <ClInclude Include="gameState.h">
      <Filter>gameState</Filter>
    </ClInclude>
    <ClInclude Include="game.h">
      <Filter>Header Files\Menu and Introduction Headers</Filter>
    </ClInclude>
    <ClInclude Include="help.h">
      <Filter>Header Files\Menu and Introduction Headers</Filter>
    </ClInclude>
    <ClInclude Include="gameOver.h">
      <Filter>Header Files\Menu and Introduction Headers</Filter>
    </ClInclude>
    <ClInclude Include="quit.h">
      <Filter>Header Files\Menu and Introduction Headers</Filter>
    </ClInclude>
    <ClInclude Include="menu.h">
      <Filter>Header Files\Menu and Introduction Headers</Filter>
    </ClInclude>
    <ClInclude Include="ShopCoin.h">
      <Filter>Header Files\Shop Headers</Filter>
    </ClInclude>
  </ItemGroup>
</Project>